
Microsoft Visual Studio Solution File, Format Version 12.00
# Visual Studio Version 16
VisualStudioVersion = 16.0.34301.259
MinimumVisualStudioVersion = 10.0.40219.1
Project("{FAE04EC0-301F-11D3-BF4B-00C04F79EFBC}") = "PlanetaryAccessControlSystem", "PlanetaryAccessControlSystem\PlanetaryAccessControlSystem.csproj", "{A507F3A5-9FD8-455A-8D66-25A92D98DAC0}"
EndProject
Project("{FAE04EC0-301F-11D3-BF4B-00C04F79EFBC}") = "SpaceshipApp", "SpaceshipApp\SpaceshipApp.csproj", "{BD8F9D1E-29FE-4C9C-9385-66C3560D51D7}"
EndProject
Project("{FAE04EC0-301F-11D3-BF4B-00C04F79EFBC}") = "PlanetApp", "PlanetApp\PlanetApp.csproj", "{A10EDF6E-AFD9-4679-A026-BACAE7159BCC}"
EndProject
Project("{FAE04EC0-301F-11D3-BF4B-00C04F79EFBC}") = "DataAccessLibrary", "DataAccessLibrary\DataAccessLibrary.csproj", "{3B0CDDC0-8477-4A85-BD65-F62F71F04F8A}"
EndProject
Global
	GlobalSection(SolutionConfigurationPlatforms) = preSolution
		Debug|Any CPU = Debug|Any CPU
		Release|Any CPU = Release|Any CPU
	EndGlobalSection
	GlobalSection(ProjectConfigurationPlatforms) = postSolution
		{A507F3A5-9FD8-455A-8D66-25A92D98DAC0}.Debug|Any CPU.ActiveCfg = Debug|Any CPU
		{A507F3A5-9FD8-455A-8D66-25A92D98DAC0}.Debug|Any CPU.Build.0 = Debug|Any CPU
		{A507F3A5-9FD8-455A-8D66-25A92D98DAC0}.Release|Any CPU.ActiveCfg = Release|Any CPU
		{A507F3A5-9FD8-455A-8D66-25A92D98DAC0}.Release|Any CPU.Build.0 = Release|Any CPU
		{BD8F9D1E-29FE-4C9C-9385-66C3560D51D7}.Debug|Any CPU.ActiveCfg = Debug|Any CPU
		{BD8F9D1E-29FE-4C9C-9385-66C3560D51D7}.Debug|Any CPU.Build.0 = Debug|Any CPU
		{BD8F9D1E-29FE-4C9C-9385-66C3560D51D7}.Release|Any CPU.ActiveCfg = Release|Any CPU
		{BD8F9D1E-29FE-4C9C-9385-66C3560D51D7}.Release|Any CPU.Build.0 = Release|Any CPU
		{A10EDF6E-AFD9-4679-A026-BACAE7159BCC}.Debug|Any CPU.ActiveCfg = Debug|Any CPU
		{A10EDF6E-AFD9-4679-A026-BACAE7159BCC}.Debug|Any CPU.Build.0 = Debug|Any CPU
		{A10EDF6E-AFD9-4679-A026-BACAE7159BCC}.Release|Any CPU.ActiveCfg = Release|Any CPU
		{A10EDF6E-AFD9-4679-A026-BACAE7159BCC}.Release|Any CPU.Build.0 = Release|Any CPU
		{3B0CDDC0-8477-4A85-BD65-F62F71F04F8A}.Debug|Any CPU.ActiveCfg = Debug|Any CPU
		{3B0CDDC0-8477-4A85-BD65-F62F71F04F8A}.Debug|Any CPU.Build.0 = Debug|Any CPU
		{3B0CDDC0-8477-4A85-BD65-F62F71F04F8A}.Release|Any CPU.ActiveCfg = Release|Any CPU
		{3B0CDDC0-8477-4A85-BD65-F62F71F04F8A}.Release|Any CPU.Build.0 = Release|Any CPU
	EndGlobalSection
	GlobalSection(SolutionProperties) = preSolution
		HideSolutionNode = FALSE
	EndGlobalSection
	GlobalSection(ExtensibilityGlobals) = postSolution
		SolutionGuid = {64EE57EB-6097-4F92-9009-DB07F9FF2A03}
	EndGlobalSection
EndGlobal
